
Microsoft Visual Studio Solution File, Format Version 12.00
# Visual Studio Version 17
VisualStudioVersion = 17.7.34024.191
MinimumVisualStudioVersion = 10.0.40219.1
Project("{FAE04EC0-301F-11D3-BF4B-00C04F79EFBC}") = "To-do_List", "To-do_List\To-do_List.csproj", "{FEFB2381-2388-42F8-B266-A5D7DEA28E94}"
EndProject
Global
	GlobalSection(SolutionConfigurationPlatforms) = preSolution
		Debug|Any CPU = Debug|Any CPU
		Release|Any CPU = Release|Any CPU
	EndGlobalSection
	GlobalSection(ProjectConfigurationPlatforms) = postSolution
		{FEFB2381-2388-42F8-B266-A5D7DEA28E94}.Debug|Any CPU.ActiveCfg = Debug|Any CPU
		{FEFB2381-2388-42F8-B266-A5D7DEA28E94}.Debug|Any CPU.Build.0 = Debug|Any CPU
		{FEFB2381-2388-42F8-B266-A5D7DEA28E94}.Release|Any CPU.ActiveCfg = Release|Any CPU
		{FEFB2381-2388-42F8-B266-A5D7DEA28E94}.Release|Any CPU.Build.0 = Release|Any CPU
	EndGlobalSection
	GlobalSection(SolutionProperties) = preSolution
		HideSolutionNode = FALSE
	EndGlobalSection
	GlobalSection(ExtensibilityGlobals) = postSolution
		SolutionGuid = {0EE7222F-5661-4744-BB82-6C766878FCDF}
	EndGlobalSection
EndGlobal
